
Microsoft Visual Studio Solution File, Format Version 12.00
# Visual Studio 15
VisualStudioVersion = 15.0.27703.2042
MinimumVisualStudioVersion = 10.0.40219.1
Project("{FAE04EC0-301F-11D3-BF4B-00C04F79EFBC}") = "SwaggerTest", "SwaggerTest\SwaggerTest.csproj", "{858EE99A-F312-4509-BF4A-543B3344A5DF}"
EndProject
Global
	GlobalSection(SolutionConfigurationPlatforms) = preSolution
		Debug|Any CPU = Debug|Any CPU
		Release|Any CPU = Release|Any CPU
	EndGlobalSection
	GlobalSection(ProjectConfigurationPlatforms) = postSolution
		{858EE99A-F312-4509-BF4A-543B3344A5DF}.Debug|Any CPU.ActiveCfg = Debug|Any CPU
		{858EE99A-F312-4509-BF4A-543B3344A5DF}.Debug|Any CPU.Build.0 = Debug|Any CPU
		{858EE99A-F312-4509-BF4A-543B3344A5DF}.Release|Any CPU.ActiveCfg = Release|Any CPU
		{858EE99A-F312-4509-BF4A-543B3344A5DF}.Release|Any CPU.Build.0 = Release|Any CPU
	EndGlobalSection
	GlobalSection(SolutionProperties) = preSolution
		HideSolutionNode = FALSE
	EndGlobalSection
	GlobalSection(ExtensibilityGlobals) = postSolution
		SolutionGuid = {C9BD1A85-1A4D-4AF7-86AB-6E419914729D}
	EndGlobalSection
EndGlobal
